{
  "version": "2",
  "remote": {
    "https://deno.land/std@0.140.0/_util/assert.ts": "e94f2eb37cebd7f199952e242c77654e43333c1ac4c5c700e929ea3aa5489f74",
    "https://deno.land/std@0.140.0/_util/os.ts": "3b4c6e27febd119d36a416d7a97bd3b0251b77c88942c8f16ee5953ea13e2e49",
    "https://deno.land/std@0.140.0/fs/_util.ts": "0fb24eb4bfebc2c194fb1afdb42b9c3dda12e368f43e8f2321f84fc77d42cb0f",
    "https://deno.land/std@0.140.0/fs/ensure_dir.ts": "9dc109c27df4098b9fc12d949612ae5c9c7169507660dcf9ad90631833209d9d",
    "https://deno.land/std@0.140.0/fs/expand_glob.ts": "0c10130d67c9b02164b03df8e43c6d6defbf8e395cb69d09e84a8586e6d72ac3",
    "https://deno.land/std@0.140.0/fs/walk.ts": "117403ccd21fd322febe56ba06053b1ad5064c802170f19b1ea43214088fe95f",
    "https://deno.land/std@0.140.0/path/_constants.ts": "df1db3ffa6dd6d1252cc9617e5d72165cd2483df90e93833e13580687b6083c3",
    "https://deno.land/std@0.140.0/path/_interface.ts": "ee3b431a336b80cf445441109d089b70d87d5e248f4f90ff906820889ecf8d09",
    "https://deno.land/std@0.140.0/path/_util.ts": "c1e9686d0164e29f7d880b2158971d805b6e0efc3110d0b3e24e4b8af2190d2b",
    "https://deno.land/std@0.140.0/path/common.ts": "bee563630abd2d97f99d83c96c2fa0cca7cee103e8cb4e7699ec4d5db7bd2633",
    "https://deno.land/std@0.140.0/path/glob.ts": "cb5255638de1048973c3e69e420c77dc04f75755524cb3b2e160fe9277d939ee",
    "https://deno.land/std@0.140.0/path/mod.ts": "d3e68d0abb393fb0bf94a6d07c46ec31dc755b544b13144dee931d8d5f06a52d",
    "https://deno.land/std@0.140.0/path/posix.ts": "293cdaec3ecccec0a9cc2b534302dfe308adb6f10861fa183275d6695faace44",
    "https://deno.land/std@0.140.0/path/separator.ts": "fe1816cb765a8068afb3e8f13ad272351c85cbc739af56dacfc7d93d710fe0f9",
    "https://deno.land/std@0.140.0/path/win32.ts": "31811536855e19ba37a999cd8d1b62078235548d67902ece4aa6b814596dd757",
    "https://deno.land/std@0.173.0/_util/asserts.ts": "178dfc49a464aee693a7e285567b3d0b555dc805ff490505a8aae34f9cfb1462",
    "https://deno.land/std@0.173.0/_util/os.ts": "d932f56d41e4f6a6093d56044e29ce637f8dcc43c5a90af43504a889cf1775e3",
    "https://deno.land/std@0.173.0/path/_constants.ts": "e49961f6f4f48039c0dfed3c3f93e963ca3d92791c9d478ac5b43183413136e0",
    "https://deno.land/std@0.173.0/path/_interface.ts": "6471159dfbbc357e03882c2266d21ef9afdb1e4aa771b0545e90db58a0ba314b",
    "https://deno.land/std@0.173.0/path/_util.ts": "86c2375a996c1931b2f2ac71fefd5ddf0cf0e579fa4ab12d3e4c552d4223b8d8",
    "https://deno.land/std@0.173.0/path/common.ts": "ee7505ab01fd22de3963b64e46cff31f40de34f9f8de1fff6a1bd2fe79380000",
    "https://deno.land/std@0.173.0/path/glob.ts": "d479e0a695621c94d3fd7fe7abd4f9499caf32a8de13f25073451c6ef420a4e1",
    "https://deno.land/std@0.173.0/path/mod.ts": "4b83694ac500d7d31b0cdafc927080a53dc0c3027eb2895790fb155082b0d232",
    "https://deno.land/std@0.173.0/path/posix.ts": "0874b341c2c6968ca38d323338b8b295ea1dae10fa872a768d812e2e7d634789",
    "https://deno.land/std@0.173.0/path/separator.ts": "0fb679739d0d1d7bf45b68dacfb4ec7563597a902edbaf3c59b50d5bcadd93b1",
    "https://deno.land/std@0.173.0/path/win32.ts": "672942919dd66ce1b8c224e77d3447e2ad8254eaff13fe6946420a9f78fa141e",
    "https://deno.land/std@0.177.0/async/abortable.ts": "73acfb3ed7261ce0d930dbe89e43db8d34e017b063cf0eaa7d215477bf53442e",
    "https://deno.land/std@0.177.0/async/deadline.ts": "c5facb0b404eede83e38bd2717ea8ab34faa2ffb20ef87fd261fcba32ba307aa",
    "https://deno.land/std@0.177.0/async/debounce.ts": "adab11d04ca38d699444ac8a9d9856b4155e8dda2afd07ce78276c01ea5a4332",
    "https://deno.land/std@0.177.0/async/deferred.ts": "42790112f36a75a57db4a96d33974a936deb7b04d25c6084a9fa8a49f135def8",
    "https://deno.land/std@0.177.0/async/delay.ts": "73aa04cec034c84fc748c7be49bb15cac3dd43a57174bfdb7a4aec22c248f0dd",
    "https://deno.land/std@0.177.0/async/mod.ts": "f04344fa21738e5ad6bea37a6bfffd57c617c2d372bb9f9dcfd118a1b622e576",
    "https://deno.land/std@0.177.0/async/mux_async_iterator.ts": "70c7f2ee4e9466161350473ad61cac0b9f115cff4c552eaa7ef9d50c4cbb4cc9",
    "https://deno.land/std@0.177.0/async/pool.ts": "fd082bd4aaf26445909889435a5c74334c017847842ec035739b4ae637ae8260",
    "https://deno.land/std@0.177.0/async/retry.ts": "5efa3ba450ac0c07a40a82e2df296287b5013755d232049efd7ea2244f15b20f",
    "https://deno.land/std@0.177.0/async/tee.ts": "47e42d35f622650b02234d43803d0383a89eb4387e1b83b5a40106d18ae36757",
    "https://deno.land/std@0.177.0/http/server.ts": "cbb17b594651215ba95c01a395700684e569c165a567e4e04bba327f41197433",
    "https://deno.land/std@0.178.0/_util/asserts.ts": "178dfc49a464aee693a7e285567b3d0b555dc805ff490505a8aae34f9cfb1462",
    "https://deno.land/std@0.178.0/_util/os.ts": "d932f56d41e4f6a6093d56044e29ce637f8dcc43c5a90af43504a889cf1775e3",
    "https://deno.land/std@0.178.0/async/abortable.ts": "73acfb3ed7261ce0d930dbe89e43db8d34e017b063cf0eaa7d215477bf53442e",
    "https://deno.land/std@0.178.0/async/deadline.ts": "c5facb0b404eede83e38bd2717ea8ab34faa2ffb20ef87fd261fcba32ba307aa",
    "https://deno.land/std@0.178.0/async/debounce.ts": "adab11d04ca38d699444ac8a9d9856b4155e8dda2afd07ce78276c01ea5a4332",
    "https://deno.land/std@0.178.0/async/deferred.ts": "42790112f36a75a57db4a96d33974a936deb7b04d25c6084a9fa8a49f135def8",
    "https://deno.land/std@0.178.0/async/delay.ts": "73aa04cec034c84fc748c7be49bb15cac3dd43a57174bfdb7a4aec22c248f0dd",
    "https://deno.land/std@0.178.0/async/mod.ts": "f04344fa21738e5ad6bea37a6bfffd57c617c2d372bb9f9dcfd118a1b622e576",
    "https://deno.land/std@0.178.0/async/mux_async_iterator.ts": "70c7f2ee4e9466161350473ad61cac0b9f115cff4c552eaa7ef9d50c4cbb4cc9",
    "https://deno.land/std@0.178.0/async/pool.ts": "fd082bd4aaf26445909889435a5c74334c017847842ec035739b4ae637ae8260",
    "https://deno.land/std@0.178.0/async/retry.ts": "5efa3ba450ac0c07a40a82e2df296287b5013755d232049efd7ea2244f15b20f",
    "https://deno.land/std@0.178.0/async/tee.ts": "47e42d35f622650b02234d43803d0383a89eb4387e1b83b5a40106d18ae36757",
    "https://deno.land/std@0.178.0/flags/mod.ts": "d1cdefa18472ef69858a17df5cf7c98445ed27ac10e1460183081303b0ebc270",
    "https://deno.land/std@0.178.0/fs/_util.ts": "65381f341af1ff7f40198cee15c20f59951ac26e51ddc651c5293e24f9ce6f32",
    "https://deno.land/std@0.178.0/fs/walk.ts": "ea95ffa6500c1eda6b365be488c056edc7c883a1db41ef46ec3bf057b1c0fe32",
    "https://deno.land/std@0.178.0/http/http_status.ts": "8a7bcfe3ac025199ad804075385e57f63d055b2aed539d943ccc277616d6f932",
    "https://deno.land/std@0.178.0/http/server.ts": "cbb17b594651215ba95c01a395700684e569c165a567e4e04bba327f41197433",
    "https://deno.land/std@0.178.0/media_types/_db.ts": "7606d83e31f23ce1a7968cbaee852810c2cf477903a095696cdc62eaab7ce570",
    "https://deno.land/std@0.178.0/media_types/_util.ts": "916efbd30b6148a716f110e67a4db29d6949bf4048997b754415dd7e42c52378",
    "https://deno.land/std@0.178.0/media_types/content_type.ts": "c682589a0aeb016bfed355cc1ed6fbb3ead2ea48fc0000ac5de6a5730613ad1c",
    "https://deno.land/std@0.178.0/media_types/extension.ts": "7a4ef2813d7182f724a941f38161525996e4a67abc3cf6a0f9bc2168d73a0f0e",
    "https://deno.land/std@0.178.0/media_types/extensions_by_type.ts": "4358023feac696e6e9d49c0f1e76a859f03ca254df57812f31f8536890c3a443",
    "https://deno.land/std@0.178.0/media_types/format_media_type.ts": "1e35e16562e5c417401ffc388a9f8f421f97f0ee06259cbe990c51bae4e6c7a8",
    "https://deno.land/std@0.178.0/media_types/get_charset.ts": "8be15a1fd31a545736b91ace56d0e4c66ea0d7b3fdc5c90760e8202e7b4b1fad",
    "https://deno.land/std@0.178.0/media_types/mod.ts": "d3f0b99f85053bc0b98ecc24eaa3546dfa09b856dc0bbaf60d8956d2cdd710c8",
    "https://deno.land/std@0.178.0/media_types/parse_media_type.ts": "bed260d868ea271445ae41d748e7afed9b5a7f407d2777ead08cecf73e9278de",
    "https://deno.land/std@0.178.0/media_types/type_by_extension.ts": "6076a7fc63181d70f92ec582fdea2c927eb2cfc7f9c9bee9d6add2aca86f2355",
    "https://deno.land/std@0.178.0/media_types/vendor/mime-db.v1.52.0.ts": "6925bbcae81ca37241e3f55908d0505724358cda3384eaea707773b2c7e99586",
    "https://deno.land/std@0.178.0/path/_constants.ts": "e49961f6f4f48039c0dfed3c3f93e963ca3d92791c9d478ac5b43183413136e0",
    "https://deno.land/std@0.178.0/path/_interface.ts": "6471159dfbbc357e03882c2266d21ef9afdb1e4aa771b0545e90db58a0ba314b",
    "https://deno.land/std@0.178.0/path/_util.ts": "d7abb1e0dea065f427b89156e28cdeb32b045870acdf865833ba808a73b576d0",
    "https://deno.land/std@0.178.0/path/common.ts": "ee7505ab01fd22de3963b64e46cff31f40de34f9f8de1fff6a1bd2fe79380000",
    "https://deno.land/std@0.178.0/path/glob.ts": "d479e0a695621c94d3fd7fe7abd4f9499caf32a8de13f25073451c6ef420a4e1",
    "https://deno.land/std@0.178.0/path/mod.ts": "4b83694ac500d7d31b0cdafc927080a53dc0c3027eb2895790fb155082b0d232",
    "https://deno.land/std@0.178.0/path/posix.ts": "8b7c67ac338714b30c816079303d0285dd24af6b284f7ad63da5b27372a2c94d",
    "https://deno.land/std@0.178.0/path/separator.ts": "0fb679739d0d1d7bf45b68dacfb4ec7563597a902edbaf3c59b50d5bcadd93b1",
    "https://deno.land/std@0.178.0/path/win32.ts": "d186344e5583bcbf8b18af416d13d82b35a317116e6460a5a3953508c3de5bba",
    "https://deno.land/std@0.178.0/semver/mod.ts": "409a2691f5a411c34e917c1e6d445a6d1d53f3fadf660e44a99dd0bf9b2ef412",
    "https://deno.land/std@0.187.0/fmt/colors.ts": "d67e3cd9f472535241a8e410d33423980bec45047e343577554d3356e1f0ef4e",
    "https://deno.land/std@0.187.0/testing/_diff.ts": "1a3c044aedf77647d6cac86b798c6417603361b66b54c53331b312caeb447aea",
    "https://deno.land/std@0.187.0/testing/_format.ts": "a69126e8a469009adf4cf2a50af889aca364c349797e63174884a52ff75cf4c7",
    "https://deno.land/std@0.187.0/testing/asserts.ts": "e16d98b4d73ffc4ed498d717307a12500ae4f2cbe668f1a215632d19fcffc22f",
    "https://deno.land/x/code_block_writer@11.0.3/mod.ts": "2c3448060e47c9d08604c8f40dee34343f553f33edcdfebbf648442be33205e5",
    "https://deno.land/x/code_block_writer@11.0.3/utils/string_utils.ts": "60cb4ec8bd335bf241ef785ccec51e809d576ff8e8d29da43d2273b69ce2a6ff",
    "https://deno.land/x/denoflate@1.2.1/mod.ts": "f5628e44b80b3d80ed525afa2ba0f12408e3849db817d47a883b801f9ce69dd6",
    "https://deno.land/x/denoflate@1.2.1/pkg/denoflate.js": "b9f9ad9457d3f12f28b1fb35c555f57443427f74decb403113d67364e4f2caf4",
    "https://deno.land/x/denoflate@1.2.1/pkg/denoflate_bg.wasm.js": "d581956245407a2115a3d7e8d85a9641c032940a8e810acbd59ca86afd34d44d",
    "https://deno.land/x/esbuild@v0.17.11/mod.d.ts": "dc279a3a46f084484453e617c0cabcd5b8bd1920c0e562e4ea02dfc828c8f968",
    "https://deno.land/x/esbuild@v0.17.11/mod.js": "4f4e61964a551d9c0baf5bb19e973cf631cf8c66ddaf01e70070f8a100fc938c",
    "https://deno.land/x/esbuild@v0.17.11/wasm.d.ts": "dc279a3a46f084484453e617c0cabcd5b8bd1920c0e562e4ea02dfc828c8f968",
    "https://deno.land/x/esbuild@v0.17.11/wasm.js": "4030e7b50941ec6e06704c6b5f1f6416cc0f7f35f63daf63f184b728bea79a30",
    "https://deno.land/x/fresh@1.1.5/dev.ts": "a66c7d64be35bcd6a8e12eec9c27ae335044c70363a241f2e36ee776db468622",
    "https://deno.land/x/fresh@1.1.5/plugins/twind.ts": "c0570d6010e29ba24ee5f43b9d3f1fe735f7fac76d9a3e680c9896373d669876",
    "https://deno.land/x/fresh@1.1.5/plugins/twind/shared.ts": "023e0ffcd66668753b5049edab0de46e6d66194fb6026c679034b9bbf04ad6f3",
    "https://deno.land/x/fresh@1.1.5/runtime.ts": "b02ec1e2e32cf73a33d262b7c9dcab9468ce16cd89fd424196c71003698a4ab0",
    "https://deno.land/x/fresh@1.1.5/server.ts": "f379c9aad24471a71e58fb887fa57e5cc27ad9df035987eb260541c78df38e84",
    "https://deno.land/x/fresh@1.1.5/src/dev/deps.ts": "aef312af6de1315fa95fc0c32e87c56301b64efeb304193d0dce0da0634144d3",
    "https://deno.land/x/fresh@1.1.5/src/dev/error.ts": "21a38d240c00279662e6adde41367f1da0ae7e2836d993f818ea94aabab53e7b",
    "https://deno.land/x/fresh@1.1.5/src/dev/mod.ts": "14baa66a064961afcbad74748eeb2b99ce4bb246223ed69d8cc35b073e49b039",
    "https://deno.land/x/fresh@1.1.5/src/runtime/csp.ts": "9ee900e9b0b786057b1009da5976298c202d1b86d1f1e4d2510bde5f06530ac9",
    "https://deno.land/x/fresh@1.1.5/src/runtime/head.ts": "0f9932874497ab6e57ed1ba01d549e843523df4a5d36ef97460e7a43e3132fdc",
    "https://deno.land/x/fresh@1.1.5/src/runtime/utils.ts": "8320a874a44bdd5905c7d4b87a0e7a14a6c50a2ed133800e72ae57341e4d4faa",
    "https://deno.land/x/fresh@1.1.5/src/server/bundle.ts": "2febeb5071d0647993560807ca5b2f4cd60181d370ee8612e5db728cb10db9f1",
    "https://deno.land/x/fresh@1.1.5/src/server/constants.ts": "ad10dda1bc20c25c2926f6a8cfd79ef4368d70b4b03a645f65c04b3fa7d93a8c",
    "https://deno.land/x/fresh@1.1.5/src/server/context.ts": "896ca59b58d0713d8429c4ec8aea4cedb0e4c09a804a2e6ec0c81379f5f83b15",
    "https://deno.land/x/fresh@1.1.5/src/server/default_error_page.ts": "9a1a595a1a2b31c9b724b04db82b8af256285536db272658d831ac9ef1d3d448",
    "https://deno.land/x/fresh@1.1.5/src/server/deps.ts": "e205002c298ee6bf40af1365ced243b8cd86cf39e922ec2db2c91ef022eb72ad",
    "https://deno.land/x/fresh@1.1.5/src/server/htmlescape.ts": "834ac7d0caa9fc38dffd9b8613fb47aeecd4f22d5d70c51d4b20a310c085835c",
    "https://deno.land/x/fresh@1.1.5/src/server/mod.ts": "72d213444334dd2e94c757a0eee0fc486c0919399ea9184d07ad042f34edd00d",
    "https://deno.land/x/fresh@1.1.5/src/server/render.ts": "6f50707bd1f6e33ed84bb71ae3b0996d202b953cefc4285f5356524c7b21f01f",
    "https://deno.land/x/fresh@1.1.5/src/server/types.ts": "6579aac850ea4af5cdfee8f9552fbadebb7b50841d180b75bd90466416feee86",
    "https://deno.land/x/funis@v1.1.1/arr/combinations/combinations.ts": "a5567260a32c44545fb70a4d054b18ec0215218fc46f37d5b921b31e48046d8a",
    "https://deno.land/x/funis@v1.1.1/arr/disjoint/disjoint.ts": "511ad955ae21ce9645eda5085b8c9f7649cf75e59e2b2cbab2cf72c511ceeee1",
    "https://deno.land/x/funis@v1.1.1/arr/first/first.ts": "a9ba70c409648ace0bfb10ee23df2107ff4fe663ec0b5cf9fa76c39c221a5f09",
    "https://deno.land/x/funis@v1.1.1/arr/groupToArray/groupToArray.ts": "df378a2d347277f08db89a4abe9d68a2e39cf0152169774dec8bdb585707de05",
    "https://deno.land/x/funis@v1.1.1/arr/groupToEntries/groupToEntries.ts": "f2405e609bc1c8c2dc2bfaa90462f7502f5387ca5a10eb2a6488ebacc5b78754",
    "https://deno.land/x/funis@v1.1.1/arr/groupToMap/groupToMap.ts": "30055cf6f3ba5db64ddf7d72db21e1f15f6a6f815b2f016e141b8a835a32b38c",
    "https://deno.land/x/funis@v1.1.1/arr/groupToObject/groupToObject.ts": "768e9e632cff60c1d77fa4c0dec6d9971262813e62794087a18eeef8111dbfb5",
    "https://deno.land/x/funis@v1.1.1/arr/intersect/intersect.ts": "5be1ac7798ed32e7b738fa94ce950004ab288fd87bc7f0b7972b3c2ced0f6464",
    "https://deno.land/x/funis@v1.1.1/arr/last/last.ts": "1a60f0fde0c879b4dd510879f9fa6e41f700cf268535d3c358ad52304a7a2ddf",
    "https://deno.land/x/funis@v1.1.1/arr/mod.ts": "96515ab14f1d900375f0b384203dafbfb905602a1a6751c61b88051a37d4227b",
    "https://deno.land/x/funis@v1.1.1/arr/once/once.ts": "4b4eedead5c006c8c4947fd6d315a0767c54905defce158a28f59fee6e9fc06f",
    "https://deno.land/x/funis@v1.1.1/arr/random/random.ts": "f452c23a322213c8479094a566ffb5361b24f3f1f702e13b3b99a85001c967b0",
    "https://deno.land/x/funis@v1.1.1/arr/repeat/repeat.ts": "42cfd4a9696d21cbecdff8e22dfb3678b0ae76e774366ade64ebb9d8341f23bf",
    "https://deno.land/x/funis@v1.1.1/arr/sort/sort.ts": "4c2c379de5dabc2a7cd44893def02b572e91f0f1eebd59b39eea982592151121",
    "https://deno.land/x/funis@v1.1.1/arr/unique/unique.ts": "16c6782be76112a344834fbc3bcd5cbdfef406ad51612079e823149e016d690f",
    "https://deno.land/x/funis@v1.1.1/cb/eq/eq.ts": "188d79e9ad3b65ce44c0e441104ba0ad64e523b135a9fe8df8dba26f0b1bb0bd",
    "https://deno.land/x/funis@v1.1.1/cb/ge/ge.ts": "df6a96caaecdf5f513769d3eae92d7e8656729917f93d9f3bd462049bb0a0bae",
    "https://deno.land/x/funis@v1.1.1/cb/gt/gt.ts": "c8460360ad7001b3a0592a2e28172ffe900ff5eb8b4cf84234a7320ff7a4ad31",
    "https://deno.land/x/funis@v1.1.1/cb/le/le.ts": "9537e50754ac904793eb098dc7c910b6e8b33760216a949afcb29111f2d23c11",
    "https://deno.land/x/funis@v1.1.1/cb/lt/lt.ts": "d03bea10a6fdf45f8590df10e59ac89ff9ca984c21bf3c023ba1528786016944",
    "https://deno.land/x/funis@v1.1.1/cb/mod.ts": "bec78d5e748d2a20c85025b14ea581c0ecb882e14c49d2c00dd621d318d8f5c3",
    "https://deno.land/x/funis@v1.1.1/cb/ne/ne.ts": "3f34ecbf8bd4de2851445ff5b3c9c817096c06f94cb987aff06cc36e8bac92d9",
    "https://deno.land/x/funis@v1.1.1/chr/debounce/debounce.ts": "559226c66d071dd915092912a65c83a5a35635036321b4e868e0a872093aee9d",
    "https://deno.land/x/funis@v1.1.1/chr/mod.ts": "f7fb0e04aecd0773321712a16b5a5b0134c8b7fea0cffcf73f92d79e834f4fc9",
    "https://deno.land/x/funis@v1.1.1/chr/throttle/throttle.ts": "7f83870b6d461e9072de93bf13910545776df2a68327ec513170551e7b090321",
    "https://deno.land/x/funis@v1.1.1/map/entries/entries.ts": "d45c946e4aa811da643c75e6bb47e89b5351af8025292121d13700e0298d268d",
    "https://deno.land/x/funis@v1.1.1/map/first/first.ts": "cb56db1d1d7d541fd2d440f36e232aac2881da2c9aada2e1976942c4d08cd72b",
    "https://deno.land/x/funis@v1.1.1/map/fromObject/fromObject.ts": "f81173979a4ac92e787253e628e54b75ed5c67eddc34e55b8ccb4733a896193f",
    "https://deno.land/x/funis@v1.1.1/map/keys/keys.ts": "54aeaf5fbe4cfbb736df40b29386afcc5e657788bae36fbbb718b81170c76f40",
    "https://deno.land/x/funis@v1.1.1/map/last/last.ts": "cacc3d38c419c2f711ec0c0cf64d6980919b96c702d43cba8caff5be4688d861",
    "https://deno.land/x/funis@v1.1.1/map/mapEntries/mapEntries.ts": "f4beb602c1c9a0e5412775fdc797196a8c38f39851b7657949bf799782cc96ab",
    "https://deno.land/x/funis@v1.1.1/map/mapKeys/mapKeys.ts": "7e33545b5b17b2bca53595cf5848af6fffcd045417d595e840fc3ca3f73c9bbd",
    "https://deno.land/x/funis@v1.1.1/map/mapValues/mapValues.ts": "cdc3375be127a624ff94e76fc2cbc1d465621966485aa870216a000ed1c1308c",
    "https://deno.land/x/funis@v1.1.1/map/mod.ts": "6ca489c7f0ae93a4d9947af4c118f929ee7744c80a65455d294b8c8bc80602fb",
    "https://deno.land/x/funis@v1.1.1/map/values/values.ts": "ded012e3325febf46dc86e6d94c91a2a82eb8d136074eb0226ba05ce90f3d4c6",
    "https://deno.land/x/funis@v1.1.1/mod.ts": "2a3ee7fb4de4ffbda2a4485282411ec22716108e188bc75588d2d122634f5af5",
    "https://deno.land/x/funis@v1.1.1/num/clamp/clamp.ts": "522b7bb84719af3fe74f1eaf0ec21d44e3516489b408244b56091430509e8e55",
    "https://deno.land/x/funis@v1.1.1/num/compareAsc/compareAsc.ts": "5d996293f01fd1f87655f118188f65727fbc758f254b979eaa9e62affe6d4bd7",
    "https://deno.land/x/funis@v1.1.1/num/compareDesc/compareDesc.ts": "75bd94af5aa35832b4c7c59d340ae7194a8bfe70b8e6c798e5eef53d35caa316",
    "https://deno.land/x/funis@v1.1.1/num/isValid/isValid.ts": "860c4ae41356e94e0481eb6727bbc813a57f4079c04decb8c46bbb716cbe0d36",
    "https://deno.land/x/funis@v1.1.1/num/mod.ts": "cebc0c2537ec5fcc0b9ead13b575b5d6bff9220aa27ab88dee9e243e2b3167bf",
    "https://deno.land/x/funis@v1.1.1/num/normalizeZero/normalizeZero.ts": "2355712a38bbc72c7f2bc3c57465be411b208e3698317de9dc0b0797f2070790",
    "https://deno.land/x/funis@v1.1.1/num/parse/parse.ts": "ac90df6d8974a0d34737fe957e3db7394dc062da86fe4becc5c19470ebeb61ce",
    "https://deno.land/x/funis@v1.1.1/num/random/random.ts": "2f2cb8ab22b535a73394cae3e5aa7f0a02176d916ae39d76137a84be48078faa",
    "https://deno.land/x/funis@v1.1.1/num/range/range.ts": "b65cc75021e15e2254e9b01bce9cb60fd60912cf875df3f5d8418df7e0ddf1c0",
    "https://deno.land/x/funis@v1.1.1/num/toFixed/toFixed.ts": "c39b1325f59a564a83a2c0bef6a56a675b7b122ceebedd4427d3a3a0e5756aaf",
    "https://deno.land/x/funis@v1.1.1/obj/disjoint/disjoint.ts": "b40af234e53b4809009845b8abdec4b30faec27f7838158d1936e018b4fed37f",
    "https://deno.land/x/funis@v1.1.1/obj/fromMap/fromMap.ts": "73beed979565a6c643df0aec85ca2e564ecc4c70f0768d846998a0c1de989c60",
    "https://deno.land/x/funis@v1.1.1/obj/intersect/intersect.ts": "911fe35ee782bba0614ca6a355f56abf2dbac272d5e72202401957902219a3ad",
    "https://deno.land/x/funis@v1.1.1/obj/mapEntries/mapEntries.ts": "bc27425d285a7d9954c56e9397ca705c4acbd4487a06c45fc68a0b8367006aca",
    "https://deno.land/x/funis@v1.1.1/obj/mapKeys/mapKeys.ts": "2f4c83b16b9b100d76cc47e77e1bb98a8c681f1ff7470bb38784ba2c1b62c6cd",
    "https://deno.land/x/funis@v1.1.1/obj/mapValues/mapValues.ts": "f8d327a0ef1e5996822fde2467bd7aca9d5878cda71e320c4f96923c1dd1fa07",
    "https://deno.land/x/funis@v1.1.1/obj/mod.ts": "9927f08c288ea7c629d5f3955ca4d7ff7f536b77106e693004fe07092cce2ada",
    "https://deno.land/x/funis@v1.1.1/obj/omit/omit.ts": "695776b8b95456d7a541578c853c24db91aa87952d20fc01440c0161762ba5bd",
    "https://deno.land/x/funis@v1.1.1/obj/pick/pick.ts": "6f49f947432d056bd3d116174a006dc257235322c91ef22cec84fbb7a42d7c1c",
    "https://deno.land/x/funis@v1.1.1/obj/serialize/serialize.ts": "44ada16f4863fb99f7e0112a88d65a5c2c566b4a7cd5927d3255158da6ae30c9",
    "https://deno.land/x/funis@v1.1.1/obj/serializesToSame/serializesToSame.ts": "dcf4765452f088c7185d6266e7b255e157bc416a6b6e8c2500adbf88cd083a55",
    "https://deno.land/x/funis@v1.1.1/prm/last/last.ts": "1543ed5dbbf736c935af55747c41e7f03e9fd254a0249943352153e6f56a9ec2",
    "https://deno.land/x/funis@v1.1.1/prm/mod.ts": "f62b5e38ad22def9bda84e8a99aa36b0d89f223a3e6eccb2258103596cfe25f8",
    "https://deno.land/x/funis@v1.1.1/prm/objectify/objectify.ts": "40d04ad4d4e2be9044270616710621bd610cc447232b2ece85121ba36b536fbb",
    "https://deno.land/x/funis@v1.1.1/prm/rejectTimeout/rejectTimeout.ts": "75bacaca2b013a5422dab17577733308f4394a524a84ce20efcf957a9c91d120",
    "https://deno.land/x/funis@v1.1.1/prm/resolveTimeout/resolveTimeout.ts": "ddc994c66d60a39f88d6d781c3494e47c46c262ec3b802188c8e65245774c54f",
    "https://deno.land/x/funis@v1.1.1/prm/retry/retry.ts": "9f0efc43ebad333f01fa793dd432f192bd0017581458850b7474463ea39f0afa",
    "https://deno.land/x/funis@v1.1.1/std/compose/compose.ts": "18eaab194a6d3b2096924e613551f3288466b6c9484499f50ce8c146042b9cd9",
    "https://deno.land/x/funis@v1.1.1/std/mod.ts": "524e7a7867d05480e3f3683f62157ba52ff177c280abdb7c53b92e80ed5ade6d",
    "https://deno.land/x/funis@v1.1.1/std/pipe/pipe.ts": "cea7a54f1eaaeafee935eb164d3354050e53916d7b8972430320cc0cb53cb1a6",
    "https://deno.land/x/funis@v1.1.1/std/self/self.ts": "c3ad4a170b0f27289335bfb02f01797ea80692386ab24703be699ee4b69e66cf",
    "https://deno.land/x/funis@v1.1.1/str/camelCase/camelCase.ts": "4405da95c60daebca906ad3101c0ec2aee5a4b7f435b4a83c6b55a5febf78152",
    "https://deno.land/x/funis@v1.1.1/str/compareAsc/compareAsc.ts": "074dfe5523f7ae3a81199eca313cc0b9268cf517903d51e8fc3932a8a38212f0",
    "https://deno.land/x/funis@v1.1.1/str/compareDesc/compareDesc.ts": "00a50748946205ddda0417f07665c8e252a883f15e3f7827f5bbe205c59a0b60",
    "https://deno.land/x/funis@v1.1.1/str/internal/accents.ts": "8dbb629491646fd367bcf651788159ef60c56ec1e92c776c0c645a10a4096f30",
    "https://deno.land/x/funis@v1.1.1/str/isValid/isValid.ts": "7b631123d55aec8651c989134e69b155a1858f38f199c28899249b3c3432c333",
    "https://deno.land/x/funis@v1.1.1/str/kebabCase/kebabCase.ts": "e38d832118571d17a4e2d116b6db983daf3bdee1e0ec9254d8f4df1ab2cd2f8b",
    "https://deno.land/x/funis@v1.1.1/str/mod.ts": "2a3b8742f8ea0a48428fc7004a7259530b4c5737f39038453d9f217ebbdbf740",
    "https://deno.land/x/funis@v1.1.1/str/pascalCase/pascalCase.ts": "996eaa1d14b8fe09836ee24727beba9c797a09cbc8b111be4e24b9070b506080",
    "https://deno.land/x/funis@v1.1.1/str/random/random.ts": "8936982108d46a2f397d328b1c2192b4df71cf492f35f2aad6da0f100fdca40f",
    "https://deno.land/x/funis@v1.1.1/str/removeAccentuation/removeAccentuation.ts": "7786c82e040b31259e6bb67ed1dfe5ceab2ed682a7cfa7209ec59cca01599120",
    "https://deno.land/x/funis@v1.1.1/str/replaceAccentuation/replaceAccentuation.ts": "a8c31af27652bcc5a451723bb7ae2361f5d9fe2998b6d5bf647f5ae969c218d0",
    "https://deno.land/x/funis@v1.1.1/str/snakeCase/snakeCase.ts": "5d422524a552a4340a433f2d4d828e9d9c495ca503eafd192bb7b9a195443281",
    "https://deno.land/x/funis@v1.1.1/types/plainObject.ts": "87b69830d657255937d034d4e60940d549edd78f5d296a41f0c4f35beaf7d734",
    "https://deno.land/x/importmap@0.2.1/_util.ts": "ada9a9618b537e6c0316c048a898352396c882b9f2de38aba18fd3f2950ede89",
    "https://deno.land/x/importmap@0.2.1/mod.ts": "ae3d1cd7eabd18c01a4960d57db471126b020f23b37ef14e1359bbb949227ade",
    "https://deno.land/x/noise@v1.1.0/_utils.ts": "09d276f9f2b76b7ed91d0553dfef63af2df911ef252ea831850a3e9d595b3e0c",
    "https://deno.land/x/noise@v1.1.0/fractal/_math.ts": "f85d46e7e9781f54f4c6d7f360e8fff52516a0d13933fb550b14993a48cdb3af",
    "https://deno.land/x/noise@v1.1.0/fractal/cubic.ts": "08da8567c1b04ba27eb789d3c1933e3ed8d5e58af1d03a278e558191e94954e1",
    "https://deno.land/x/noise@v1.1.0/fractal/cylindrical.ts": "f0c324889481f2493f9787bee4059ff4da7b8127797846bbf297a0d10d675a3b",
    "https://deno.land/x/noise@v1.1.0/fractal/linear.ts": "7957faa7c16289fae40d53a79a2d287bcb9eee936d0022f82d2e67fb132bb510",
    "https://deno.land/x/noise@v1.1.0/fractal/mod.ts": "8a204173bd4eaf71052b61eda3c7eb9be626b983ae3885f659316594e3094596",
    "https://deno.land/x/noise@v1.1.0/fractal/options.ts": "48a8c835637855a7fe77a16d38db6c4bd9b5f48912d456d1f45ba1e37e7bdc55",
    "https://deno.land/x/noise@v1.1.0/fractal/rectangular.ts": "b11c760f1d0d999461e5ea1cf4d1cd8b08eb819c7029cee3bf9b09330ae79376",
    "https://deno.land/x/noise@v1.1.0/fractal/spherical.ts": "a2bdd079f155594259c541238c39b2dde7b74c5a3d0f74449bed579c668bada4",
    "https://deno.land/x/noise@v1.1.0/math.ts": "d93ab4c1aa2c45635db3936b0cc4c612e21cdfa7165140bb138d25b4003e0466",
    "https://deno.land/x/noise@v1.1.0/mod.ts": "488e92a50b28b5209c8e6c93e736df2f4542adb90f193de1a756093548191dce",
    "https://deno.land/x/noise@v1.1.0/noise.ts": "2e937c759f55681fecb17ccf88e08b358df99459115bd9f26a02313b7cf6fb38",
    "https://deno.land/x/noise@v1.1.0/open_simplex/2d.ts": "01930f7f1a585c10eed02d6abf548e00ade756ff29f57439c669ad6d67070a43",
    "https://deno.land/x/noise@v1.1.0/open_simplex/3d.ts": "610ff2533419ae4252b78584df341617c420a56d3cc663bcf5e32e50babb5899",
    "https://deno.land/x/noise@v1.1.0/open_simplex/4d.ts": "7566693f82a35da0643ab4f404e0eca142b990065d60b38f998a842b485912f3",
    "https://deno.land/x/noise@v1.1.0/open_simplex/_3d_constants.ts": "7f89ce76d03edc51bd150fbab9036ce439eda76c6ee73b738b16d6a485760b4a",
    "https://deno.land/x/noise@v1.1.0/open_simplex/_4d_constants.ts": "fa218f32de12dc8311e0d7bf32cdbe438df2b45058a215340e4527dde714cee4",
    "https://deno.land/x/noise@v1.1.0/open_simplex/mod.ts": "084791c4e4e44c9389cfcc6667e4078560349b999f998813a9d309522789021b",
    "https://deno.land/x/noise@v1.1.0/options.ts": "6048592a492b84724af37aee34a199d0cd1887ad39edec16bcb27bf5cf2869f9",
    "https://deno.land/x/noise@v1.1.0/perlin/2d.ts": "c7a4273d4e6d9ff669aa764c2eca7b990f7e760848cd56fbeceb459f45837d91",
    "https://deno.land/x/noise@v1.1.0/perlin/3d.ts": "4575cbcbc3b2c0d368d215e51c3646e97b9ed0c9d8875c9f860d770b673b0533",
    "https://deno.land/x/noise@v1.1.0/perlin/4d.ts": "8e878efd0edfb31d3872f33652fcb478b6433fd210630cf4d80e91ef4f219113",
    "https://deno.land/x/noise@v1.1.0/perlin/mod.ts": "30a2ce75e4bf9ae74fb08e9de6b4e767f62500cf532508a0fb4dc9a09e4165c8",
    "https://deno.land/x/noise@v1.1.0/perlin/options.ts": "af59a2db880352261a57208fae136700bb5ed331439e6da2b49e02a56ea7f6a2",
    "https://deno.land/x/noise@v1.1.0/simplex/2d.ts": "d6cdcf77280c55c968af591b0a41bcb42a9495270e84e29fce7d568114d3b82f",
    "https://deno.land/x/noise@v1.1.0/simplex/3d.ts": "e8663685cf32b2da4b400cf9504a883a1e77eb95ffff1565570ea3c48486ea16",
    "https://deno.land/x/noise@v1.1.0/simplex/4d.ts": "57349d61e0461c509da85c468bd03962fc6dd75c50491b5bbafb918242190b80",
    "https://deno.land/x/noise@v1.1.0/simplex/mod.ts": "084791c4e4e44c9389cfcc6667e4078560349b999f998813a9d309522789021b",
    "https://deno.land/x/noise@v1.1.0/value/1d.ts": "240b0bde9623ab2bfb41caf9591c60fe3db9dff386fa23651a321ed712acf6b3",
    "https://deno.land/x/noise@v1.1.0/value/2d.ts": "f8cef1670aa1559353437c720394519324aa0e6d033c51edabb833af89efd227",
    "https://deno.land/x/noise@v1.1.0/value/3d.ts": "878ae8722db4a92386d140b3654246b837f635354fca591a4f5b6611d65cc24b",
    "https://deno.land/x/noise@v1.1.0/value/4d.ts": "2c655fc2b4e47459dcd945e5ba1e91dd16fbf6a1638587feda5d6bb46ce21910",
    "https://deno.land/x/noise@v1.1.0/value/mod.ts": "0590eb561a46e6495bbe91501db0cdec75756f4080ce64096017bdcfb7cfaf24",
    "https://deno.land/x/noise@v1.1.0/value/options.ts": "6b3a0206247410b2f6a5540aedc66819c0b6a92ea53a4856be2da917e8ad6e0c",
    "https://deno.land/x/rutt@0.1.0/mod.ts": "4662ad4f687740ac612b779ed4c62eecebd718b56d24a07f719ec3b24464c139",
    "https://deno.land/x/ts_morph@17.0.1/common/DenoRuntime.ts": "537800e840d0994f9055164e11bf33eadf96419246af0d3c453793c3ae67bdb3",
    "https://deno.land/x/ts_morph@17.0.1/common/mod.ts": "01985d2ee7da8d1caee318a9d07664774fbee4e31602bc2bb6bb62c3489555ed",
    "https://deno.land/x/ts_morph@17.0.1/common/ts_morph_common.d.ts": "ee7767b0c68b23c65bb607c94b6cb3512e8237fbcb7d1d8383a33235cde2c068",
    "https://deno.land/x/ts_morph@17.0.1/common/ts_morph_common.js": "49a79124b941ba2b35d81ac9eb90fc33c957b2640cdb97569c1941bac5a3bbdb",
    "https://deno.land/x/ts_morph@17.0.1/common/typescript.d.ts": "57e52a0882af4e835473dda27e4316cc31149866970210f9f79b940e916b7838",
    "https://deno.land/x/ts_morph@17.0.1/common/typescript.js": "5dd669eb199ee2a539924c63a92e23d95df43dfe2fbe3a9d68c871648be1ad5e",
    "https://deno.land/x/ts_morph@17.0.1/mod.ts": "adba9b82f24865d15d2c78ef6074b9a7457011719056c9928c800f130a617c93",
    "https://deno.land/x/ts_morph@17.0.1/ts_morph.d.ts": "a54b0c51b06d84defedf5fdd59c773d803808ae7c9678f7165f7a1a6dfa7f6a3",
    "https://deno.land/x/ts_morph@17.0.1/ts_morph.js": "1bb80284b9e31a4c5c2078cd533fe9b12b4b2d710267055cb655225aa88fb2df",
    "https://esm.sh/*preact-render-to-string@5.2.6": "ffb18c35149812adcd6bf4bcf6d9a6cc2fc27a89480f9fee924f683520aa66fa",
    "https://esm.sh/preact@10.13.1": "ae382301328ab874e2c42bee76e261bb8d094673fe76ca7eb71917636d43d8ad",
    "https://esm.sh/preact@10.13.1/hooks": "1813f80c6d648f8137a62569e35972b0716f92539f192d6db66d45b7aafea43a",
    "https://esm.sh/preact@10.13.1/jsx-runtime": "0caf2b2eade93af59e89abc31816b6cb2829a9b8a82b958c0ebc1d8bec241e2a",
    "https://esm.sh/stable/preact@10.13.1/deno/hooks.js": "f25445c4f9fa6742119c41db4a85a2f75ee6ea941c506ae8ad3b1568c7692c61",
    "https://esm.sh/stable/preact@10.13.1/deno/jsx-runtime.js": "7c8e1b8f272996846cbac0837dcb71f6f8cfc82611b3f7819501d07c37383dc0",
    "https://esm.sh/stable/preact@10.13.1/deno/preact.mjs": "9b73545225d0ed274c89f39aee524a2857c81a73060e80c2c4bdc2a6de7bec26",
    "https://esm.sh/twind@0.16.19": "d896816424b094a3689353f2f8341015264eef799e684eb487047a1fea13f661",
    "https://esm.sh/twind@0.16.19/sheets": "fb0e11fa0800084149aa2084cfa2c559b2aa2d642e0e910bd86c751e112640f3",
    "https://esm.sh/v118/preact@10.13.1/hooks/src/index.d.ts": "5c29febb624fc25d71cb0e125848c9b711e233337a08f7eacfade38fd4c14cc3",
    "https://esm.sh/v118/preact@10.13.1/jsx-runtime/src/index.d.ts": "e153460ed2b3fe2ad8b93696ecd48fbf73cd628b0b0ea6692b71804a3af69dfd",
    "https://esm.sh/v118/preact@10.13.1/src/index.d.ts": "65398710de6aa0a07412da79784e05e6e96763f51c7c91b77344d2d0af06385c",
    "https://esm.sh/v118/preact@10.13.1/src/jsx.d.ts": "fde41cfb4944bcc5005e653c989ef8f85deb1cbb5364a1726654993937cd08d0",
    "https://esm.sh/v120/csstype@3.1.2/index.d.ts": "4c68749a564a6facdf675416d75789ee5a557afda8960e0803cf6711fa569288",
    "https://esm.sh/v120/preact-render-to-string@5.2.6/X-ZS8q/deno/preact-render-to-string.mjs": "672116885c5e5072207c527a0ec663f5bc52774a0868ec487985109520382a55",
    "https://esm.sh/v120/preact-render-to-string@5.2.6/X-ZS8q/src/index.d.ts": "b1d73703252c8570fdf2952475805f5808ba3511fefbd93a3e7bd8406de7dcd0",
    "https://esm.sh/v120/style-vendorizer@2.2.3/deno/style-vendorizer.mjs": "fb725497dd9621a84f552f9b6a4f3df82af5989ff18c40e972de1bdf475c9765",
    "https://esm.sh/v120/twind@0.16.19/deno/sheets.js": "dcdb26e5d2860d9fff3ad81b81625799e501d465efdc99b206d3b7cd94151913",
    "https://esm.sh/v120/twind@0.16.19/deno/twind.mjs": "21b6022144c8a234adb11dc46e1cccb2ef20aabedc6f6f3ccc94ce9f538ab150",
    "https://esm.sh/v120/twind@0.16.19/sheets/sheets.d.ts": "94a7b9919875e1472b8dc52f6601ba915a57ec9395f93637255db491a1406538",
    "https://esm.sh/v120/twind@0.16.19/twind.d.ts": "34bf0614f5ac9bd7ac8cd5c784f6c18ea70ba985467df111db2f7caa14be190c",
    "https://raw.githubusercontent.com/lucacasonato/esbuild_deno_loader/8031f71afa1bbcd3237a94b11f53a2e5c5c0e7bf/deps.ts": "b7248e5b750be62613a9417f407e65ed43726d83b11f9631d6dbb58634bbd7d1",
    "https://raw.githubusercontent.com/lucacasonato/esbuild_deno_loader/8031f71afa1bbcd3237a94b11f53a2e5c5c0e7bf/mod.ts": "3e507379372361162f93325a216b86f6098defb5bb60144555b507bca26d061f",
    "https://raw.githubusercontent.com/lucacasonato/esbuild_deno_loader/8031f71afa1bbcd3237a94b11f53a2e5c5c0e7bf/src/deno.ts": "71bee6b14e72ca193c0686d8b4f1f47d639a64745b6f5c7576f7a3616f436f57",
    "https://raw.githubusercontent.com/lucacasonato/esbuild_deno_loader/8031f71afa1bbcd3237a94b11f53a2e5c5c0e7bf/src/native_loader.ts": "2a0f5a7b68a57c4651ad48161b32532356b434597a6cf282683427482b38f6fa",
    "https://raw.githubusercontent.com/lucacasonato/esbuild_deno_loader/8031f71afa1bbcd3237a94b11f53a2e5c5c0e7bf/src/portable_loader.ts": "47adb6d9a00f13a87d0a15f2af79118eb93503234008c31392d71270bc0a42fa",
    "https://raw.githubusercontent.com/lucacasonato/esbuild_deno_loader/8031f71afa1bbcd3237a94b11f53a2e5c5c0e7bf/src/shared.ts": "007e8d575cb6ebcac4110f1f72188a8bec3aa29287b4ad26e98403c00bebf036"
  }
}
